<?xml version="1.0" encoding="utf-8"?>
<Project ToolsVersion="4.0" xmlns="http://schemas.microsoft.com/developer/msbuild/2003">
  <ItemGroup>
    <Filter Include="源文件">
      <UniqueIdentifier>{4FC737F1-C7A5-4376-A066-2A32D752A2FF}</UniqueIdentifier>
      <Extensions>cpp;c;cc;cxx;def;odl;idl;hpj;bat;asm;asmx</Extensions>
    </Filter>
    <Filter Include="头文件">
      <UniqueIdentifier>{93995380-89BD-4b04-88EB-625FBE52EBFB}</UniqueIdentifier>
      <Extensions>h;hpp;hxx;hm;inl;inc;xsd</Extensions>
    </Filter>
    <Filter Include="资源文件">
      <UniqueIdentifier>{67DA6AB6-F800-4c08-8B7A-83BB121AAD01}</UniqueIdentifier>
      <Extensions>rc;ico;cur;bmp;dlg;rc2;rct;bin;rgs;gif;jpg;jpeg;jpe;resx;tiff;tif;png;wav;mfcribbon-ms</Extensions>
    </Filter>
    <Filter Include="vtk_command">
      <UniqueIdentifier>{012c9318-211a-41f1-a740-e7155b086411}</UniqueIdentifier>
    </Filter>
  </ItemGroup>
  <ItemGroup>
    <Text Include="ReadMe.txt" />
  </ItemGroup>
  <ItemGroup>
    <ClInclude Include="stdafx.h">
      <Filter>头文件</Filter>
    </ClInclude>
    <ClInclude Include="targetver.h">
      <Filter>头文件</Filter>
    </ClInclude>
    <ClInclude Include="SplitView.h">
      <Filter>头文件</Filter>
    </ClInclude>
    <ClInclude Include="DicomView.h">
      <Filter>头文件</Filter>
    </ClInclude>
    <ClInclude Include="DicomSplitView.h">
      <Filter>头文件</Filter>
    </ClInclude>
    <ClInclude Include="vtk_command\vtkDicomInfoCallback.h">
      <Filter>vtk_command</Filter>
    </ClInclude>
    <ClInclude Include="widgets_test\TestWidgetsBase.h">
      <Filter>头文件</Filter>
    </ClInclude>
    <ClInclude Include="widgets_test\TextWidgetsTest.h">
      <Filter>头文件</Filter>
    </ClInclude>
    <ClInclude Include="widgets_test\CaptionWidgetsTest.h">
      <Filter>头文件</Filter>
    </ClInclude>
    <ClInclude Include="widgets_test\BoxWidgetsTest.h">
      <Filter>头文件</Filter>
    </ClInclude>
  </ItemGroup>
  <ItemGroup>
    <ClCompile Include="stdafx.cpp">
      <Filter>源文件</Filter>
    </ClCompile>
    <ClCompile Include="Vtk_Demo.cpp">
      <Filter>源文件</Filter>
    </ClCompile>
    <ClCompile Include="demo_code.cpp">
      <Filter>源文件</Filter>
    </ClCompile>
    <ClCompile Include="SplitView.cpp">
      <Filter>源文件</Filter>
    </ClCompile>
    <ClCompile Include="DicomView.cpp">
      <Filter>源文件</Filter>
    </ClCompile>
    <ClCompile Include="DicomSplitView.cpp">
      <Filter>源文件</Filter>
    </ClCompile>
    <ClCompile Include="vtk_command\vtkDicomInfoCallback.cpp">
      <Filter>vtk_command</Filter>
    </ClCompile>
    <ClCompile Include="widgets_test\TestWidgetsBase.cpp">
      <Filter>源文件</Filter>
    </ClCompile>
    <ClCompile Include="widgets_test\TextWidgetsTest.cpp">
      <Filter>源文件</Filter>
    </ClCompile>
    <ClCompile Include="widgets_test\CaptionWidgetsTest.cpp">
      <Filter>源文件</Filter>
    </ClCompile>
    <ClCompile Include="widgets_test\BoxWidgetsTest.cpp">
      <Filter>源文件</Filter>
    </ClCompile>
  </ItemGroup>
</Project>